
Microsoft Visual Studio Solution File, Format Version 12.00
# Visual Studio 15
VisualStudioVersion = 15.0.27703.2000
MinimumVisualStudioVersion = 10.0.40219.1
Project("{FAE04EC0-301F-11D3-BF4B-00C04F79EFBC}") = "RegistroLibrosBiblicos", "RegistroLibrosBiblicos\RegistroLibrosBiblicos.csproj", "{A99535A5-A113-4D4F-9117-F304139758ED}"
EndProject
Global
	GlobalSection(SolutionConfigurationPlatforms) = preSolution
		Debug|Any CPU = Debug|Any CPU
		Release|Any CPU = Release|Any CPU
	EndGlobalSection
	GlobalSection(ProjectConfigurationPlatforms) = postSolution
		{A99535A5-A113-4D4F-9117-F304139758ED}.Debug|Any CPU.ActiveCfg = Debug|Any CPU
		{A99535A5-A113-4D4F-9117-F304139758ED}.Debug|Any CPU.Build.0 = Debug|Any CPU
		{A99535A5-A113-4D4F-9117-F304139758ED}.Release|Any CPU.ActiveCfg = Release|Any CPU
		{A99535A5-A113-4D4F-9117-F304139758ED}.Release|Any CPU.Build.0 = Release|Any CPU
	EndGlobalSection
	GlobalSection(SolutionProperties) = preSolution
		HideSolutionNode = FALSE
	EndGlobalSection
	GlobalSection(ExtensibilityGlobals) = postSolution
		SolutionGuid = {D08E4D9E-133B-4EEF-AF0F-9B63421CE857}
	EndGlobalSection
EndGlobal
